
Microsoft Visual Studio Solution File, Format Version 12.00
# Visual Studio Version 16
VisualStudioVersion = 16.0.32002.261
MinimumVisualStudioVersion = 10.0.40219.1
Project("{FAE04EC0-301F-11D3-BF4B-00C04F79EFBC}") = "SuperChat", "SuperChat\SuperChat.csproj", "{F9094B1C-CB22-459B-9CE6-84D917CF0776}"
EndProject
Global
	GlobalSection(SolutionConfigurationPlatforms) = preSolution
		Debug|Any CPU = Debug|Any CPU
		Release|Any CPU = Release|Any CPU
	EndGlobalSection
	GlobalSection(ProjectConfigurationPlatforms) = postSolution
		{F9094B1C-CB22-459B-9CE6-84D917CF0776}.Debug|Any CPU.ActiveCfg = Debug|Any CPU
		{F9094B1C-CB22-459B-9CE6-84D917CF0776}.Debug|Any CPU.Build.0 = Debug|Any CPU
		{F9094B1C-CB22-459B-9CE6-84D917CF0776}.Release|Any CPU.ActiveCfg = Release|Any CPU
		{F9094B1C-CB22-459B-9CE6-84D917CF0776}.Release|Any CPU.Build.0 = Release|Any CPU
	EndGlobalSection
	GlobalSection(SolutionProperties) = preSolution
		HideSolutionNode = FALSE
	EndGlobalSection
	GlobalSection(ExtensibilityGlobals) = postSolution
		SolutionGuid = {4D50C11E-75D2-4F01-8355-2E8EAF8D31FC}
	EndGlobalSection
EndGlobal
